// !$*UTF8*$!
{
	archiveVersion = 1;
	classes = {
	};
	objectVersion = 50;
	objects = {

/* Begin PBXBuildFile section */
		49C2660E238FD00B00FCBB96 /* AppDelegate.swift in Sources */ = {isa = PBXBuildFile; fileRef = 49C2660D238FD00B00FCBB96 /* AppDelegate.swift */; };
		49C26610238FD00B00FCBB96 /* SceneDelegate.swift in Sources */ = {isa = PBXBuildFile; fileRef = 49C2660F238FD00B00FCBB96 /* SceneDelegate.swift */; };
		49C26614238FD00E00FCBB96 /* Assets.xcassets in Resources */ = {isa = PBXBuildFile; fileRef = 49C26613238FD00E00FCBB96 /* Assets.xcassets */; };
		49C26617238FD00E00FCBB96 /* Preview Assets.xcassets in Resources */ = {isa = PBXBuildFile; fileRef = 49C26616238FD00E00FCBB96 /* Preview Assets.xcassets */; };
		49C2661A238FD00E00FCBB96 /* LaunchScreen.storyboard in Resources */ = {isa = PBXBuildFile; fileRef = 49C26618238FD00E00FCBB96 /* LaunchScreen.storyboard */; };
		49C2662A238FD29800FCBB96 /* Pet.swift in Sources */ = {isa = PBXBuildFile; fileRef = 49C26629238FD29800FCBB96 /* Pet.swift */; };
		49C2662C238FD2E800FCBB96 /* CatRow.swift in Sources */ = {isa = PBXBuildFile; fileRef = 49C2662B238FD2E800FCBB96 /* CatRow.swift */; };
		49C26630238FD77C00FCBB96 /* PetList.swift in Sources */ = {isa = PBXBuildFile; fileRef = 49C2662F238FD77C00FCBB96 /* PetList.swift */; };
		49C26634238FDE8F00FCBB96 /* CatsData.swift in Sources */ = {isa = PBXBuildFile; fileRef = 49C26633238FDE8F00FCBB96 /* CatsData.swift */; };
		49C26636238FE4DA00FCBB96 /* CatEditor.swift in Sources */ = {isa = PBXBuildFile; fileRef = 49C26635238FE4DA00FCBB96 /* CatEditor.swift */; };
/* End PBXBuildFile section */

/* Begin PBXFileReference section */
		49C2660A238FD00B00FCBB96 /* 貓咪一籮筐.app */ = {isa = PBXFileReference; explicitFileType = wrapper.application; includeInIndex = 0; path = "貓咪一籮筐.app"; sourceTree = BUILT_PRODUCTS_DIR; };
		49C2660D238FD00B00FCBB96 /* AppDelegate.swift */ = {isa = PBXFileReference; lastKnownFileType = sourcecode.swift; path = AppDelegate.swift; sourceTree = "<group>"; };
		49C2660F238FD00B00FCBB96 /* SceneDelegate.swift */ = {isa = PBXFileReference; lastKnownFileType = sourcecode.swift; path = SceneDelegate.swift; sourceTree = "<group>"; };
		49C26613238FD00E00FCBB96 /* Assets.xcassets */ = {isa = PBXFileReference; lastKnownFileType = folder.assetcatalog; path = Assets.xcassets; sourceTree = "<group>"; };
		49C26616238FD00E00FCBB96 /* Preview Assets.xcassets */ = {isa = PBXFileReference; lastKnownFileType = folder.assetcatalog; path = "Preview Assets.xcassets"; sourceTree = "<group>"; };
		49C26619238FD00E00FCBB96 /* Base */ = {isa = PBXFileReference; lastKnownFileType = file.storyboard; name = Base; path = Base.lproj/LaunchScreen.storyboard; sourceTree = "<group>"; };
		49C2661B238FD00E00FCBB96 /* Info.plist */ = {isa = PBXFileReference; lastKnownFileType = text.plist.xml; path = Info.plist; sourceTree = "<group>"; };
		49C26629238FD29800FCBB96 /* Pet.swift */ = {isa = PBXFileReference; lastKnownFileType = sourcecode.swift; path = Pet.swift; sourceTree = "<group>"; };
		49C2662B238FD2E800FCBB96 /* CatRow.swift */ = {isa = PBXFileReference; lastKnownFileType = sourcecode.swift; path = CatRow.swift; sourceTree = "<group>"; };
		49C2662F238FD77C00FCBB96 /* PetList.swift */ = {isa = PBXFileReference; lastKnownFileType = sourcecode.swift; path = PetList.swift; sourceTree = "<group>"; };
		49C26633238FDE8F00FCBB96 /* CatsData.swift */ = {isa = PBXFileReference; lastKnownFileType = sourcecode.swift; path = CatsData.swift; sourceTree = "<group>"; };
		49C26635238FE4DA00FCBB96 /* CatEditor.swift */ = {isa = PBXFileReference; lastKnownFileType = sourcecode.swift; path = CatEditor.swift; sourceTree = "<group>"; };
/* End PBXFileReference section */

/* Begin PBXFrameworksBuildPhase section */
		49C26607238FD00B00FCBB96 /* Frameworks */ = {
			isa = PBXFrameworksBuildPhase;
			buildActionMask = 2147483647;
			files = (
			);
			runOnlyForDeploymentPostprocessing = 0;
		};
/* End PBXFrameworksBuildPhase section */

/* Begin PBXGroup section */
		49C26601238FD00B00FCBB96 = {
			isa = PBXGroup;
			children = (
				49C2660C238FD00B00FCBB96 /* 貓咪眷養紀錄 */,
				49C2660B238FD00B00FCBB96 /* Products */,
			);
			sourceTree = "<group>";
		};
		49C2660B238FD00B00FCBB96 /* Products */ = {
			isa = PBXGroup;
			children = (
				49C2660A238FD00B00FCBB96 /* 貓咪一籮筐.app */,
			);
			name = Products;
			sourceTree = "<group>";
		};
		49C2660C238FD00B00FCBB96 /* 貓咪眷養紀錄 */ = {
			isa = PBXGroup;
			children = (
				49C2660D238FD00B00FCBB96 /* AppDelegate.swift */,
				49C2660F238FD00B00FCBB96 /* SceneDelegate.swift */,
				49C2662F238FD77C00FCBB96 /* PetList.swift */,
				49C26635238FE4DA00FCBB96 /* CatEditor.swift */,
				49C26633238FDE8F00FCBB96 /* CatsData.swift */,
				49C2662B238FD2E800FCBB96 /* CatRow.swift */,
				49C26629238FD29800FCBB96 /* Pet.swift */,
				49C26613238FD00E00FCBB96 /* Assets.xcassets */,
				49C26618238FD00E00FCBB96 /* LaunchScreen.storyboard */,
				49C2661B238FD00E00FCBB96 /* Info.plist */,
				49C26615238FD00E00FCBB96 /* Preview Content */,
			);
			path = "貓咪眷養紀錄";
			sourceTree = "<group>";
		};
		49C26615238FD00E00FCBB96 /* Preview Content */ = {
			isa = PBXGroup;
			children = (
				49C26616238FD00E00FCBB96 /* Preview Assets.xcassets */,
			);
			path = "Preview Content";
			sourceTree = "<group>";
		};
/* End PBXGroup section */

/* Begin PBXNativeTarget section */
		49C26609238FD00B00FCBB96 /* 貓咪眷養紀錄 */ = {
			isa = PBXNativeTarget;
			buildConfigurationList = 49C2661E238FD00E00FCBB96 /* Build configuration list for PBXNativeTarget "貓咪眷養紀錄" */;
			buildPhases = (
				49C26606238FD00B00FCBB96 /* Sources */,
				49C26607238FD00B00FCBB96 /* Frameworks */,
				49C26608238FD00B00FCBB96 /* Resources */,
			);
			buildRules = (
			);
			dependencies = (
			);
			name = "貓咪眷養紀錄";
			productName = "貓咪眷養紀錄";
			productReference = 49C2660A238FD00B00FCBB96 /* 貓咪一籮筐.app */;
			productType = "com.apple.product-type.application";
		};
/* End PBXNativeTarget section */

/* Begin PBXProject section */
		49C26602238FD00B00FCBB96 /* Project object */ = {
			isa = PBXProject;
			attributes = {
				LastSwiftUpdateCheck = 1110;
				LastUpgradeCheck = 1110;
				ORGANIZATIONNAME = 00657018;
				TargetAttributes = {
					49C26609238FD00B00FCBB96 = {
						CreatedOnToolsVersion = 11.1;
					};
				};
			};
			buildConfigurationList = 49C26605238FD00B00FCBB96 /* Build configuration list for PBXProject "貓咪眷養紀錄" */;
			compatibilityVersion = "Xcode 9.3";
			developmentRegion = en;
			hasScannedForEncodings = 0;
			knownRegions = (
				en,
				Base,
			);
			mainGroup = 49C26601238FD00B00FCBB96;
			productRefGroup = 49C2660B238FD00B00FCBB96 /* Products */;
			projectDirPath = "";
			projectRoot = "";
			targets = (
				49C26609238FD00B00FCBB96 /* 貓咪眷養紀錄 */,
			);
		};
/* End PBXProject section */

/* Begin PBXResourcesBuildPhase section */
		49C26608238FD00B00FCBB96 /* Resources */ = {
			isa = PBXResourcesBuildPhase;
			buildActionMask = 2147483647;
			files = (
				49C2661A238FD00E00FCBB96 /* LaunchScreen.storyboard in Resources */,
				49C26617238FD00E00FCBB96 /* Preview Assets.xcassets in Resources */,
				49C26614238FD00E00FCBB96 /* Assets.xcassets in Resources */,
			);
			runOnlyForDeploymentPostprocessing = 0;
		};
/* End PBXResourcesBuildPhase section */

/* Begin PBXSourcesBuildPhase section */
		49C26606238FD00B00FCBB96 /* Sources */ = {
			isa = PBXSourcesBuildPhase;
			buildActionMask = 2147483647;
			files = (
				49C2662A238FD29800FCBB96 /* Pet.swift in Sources */,
				49C2660E238FD00B00FCBB96 /* AppDelegate.swift in Sources */,
				49C26634238FDE8F00FCBB96 /* CatsData.swift in Sources */,
				49C26610238FD00B00FCBB96 /* SceneDelegate.swift in Sources */,
				49C26630238FD77C00FCBB96 /* PetList.swift in Sources */,
				49C2662C238FD2E800FCBB96 /* CatRow.swift in Sources */,
				49C26636238FE4DA00FCBB96 /* CatEditor.swift in Sources */,
			);
			runOnlyForDeploymentPostprocessing = 0;
		};
/* End PBXSourcesBuildPhase section */

/* Begin PBXVariantGroup section */
		49C26618238FD00E00FCBB96 /* LaunchScreen.storyboard */ = {
			isa = PBXVariantGroup;
			children = (
				49C26619238FD00E00FCBB96 /* Base */,
			);
			name = LaunchScreen.storyboard;
			sourceTree = "<group>";
		};
/* End PBXVariantGroup section */

/* Begin XCBuildConfiguration section */
		49C2661C238FD00E00FCBB96 /* Debug */ = {
			isa = XCBuildConfiguration;
			buildSettings = {
				ALWAYS_SEARCH_USER_PATHS = NO;
				CLANG_ANALYZER_NONNULL = YES;
				CLANG_ANALYZER_NUMBER_OBJECT_CONVERSION = YES_AGGRESSIVE;
				CLANG_CXX_LANGUAGE_STANDARD = "gnu++14";
				CLANG_CXX_LIBRARY = "libc++";
				CLANG_ENABLE_MODULES = YES;
				CLANG_ENABLE_OBJC_ARC = YES;
				CLANG_ENABLE_OBJC_WEAK = YES;
				CLANG_WARN_BLOCK_CAPTURE_AUTORELEASING = YES;
				CLANG_WARN_BOOL_CONVERSION = YES;
				CLANG_WARN_COMMA = YES;
				CLANG_WARN_CONSTANT_CONVERSION = YES;
				CLANG_WARN_DEPRECATED_OBJC_IMPLEMENTATIONS = YES;
				CLANG_WARN_DIRECT_OBJC_ISA_USAGE = YES_ERROR;
				CLANG_WARN_DOCUMENTATION_COMMENTS = YES;
				CLANG_WARN_EMPTY_BODY = YES;
				CLANG_WARN_ENUM_CONVERSION = YES;
				CLANG_WARN_INFINITE_RECURSION = YES;
				CLANG_WARN_INT_CONVERSION = YES;
				CLANG_WARN_NON_LITERAL_NULL_CONVERSION = YES;
				CLANG_WARN_OBJC_IMPLICIT_RETAIN_SELF = YES;
				CLANG_WARN_OBJC_LITERAL_CONVERSION = YES;
				CLANG_WARN_OBJC_ROOT_CLASS = YES_ERROR;
				CLANG_WARN_RANGE_LOOP_ANALYSIS = YES;
				CLANG_WARN_STRICT_PROTOTYPES = YES;
				CLANG_WARN_SUSPICIOUS_MOVE = YES;
				CLANG_WARN_UNGUARDED_AVAILABILITY = YES_AGGRESSIVE;
				CLANG_WARN_UNREACHABLE_CODE = YES;
				CLANG_WARN__DUPLICATE_METHOD_MATCH = YES;
				COPY_PHASE_STRIP = NO;
				DEBUG_INFORMATION_FORMAT = dwarf;
				ENABLE_STRICT_OBJC_MSGSEND = YES;
				ENABLE_TESTABILITY = YES;
				GCC_C_LANGUAGE_STANDARD = gnu11;
				GCC_DYNAMIC_NO_PIC = NO;
				GCC_NO_COMMON_BLOCKS = YES;
				GCC_OPTIMIZATION_LEVEL = 0;
				GCC_PREPROCESSOR_DEFINITIONS = (
					"DEBUG=1",
					"$(inherited)",
				);
				GCC_WARN_64_TO_32_BIT_CONVERSION = YES;
				GCC_WARN_ABOUT_RETURN_TYPE = YES_ERROR;
				GCC_WARN_UNDECLARED_SELECTOR = YES;
				GCC_WARN_UNINITIALIZED_AUTOS = YES_AGGRESSIVE;
				GCC_WARN_UNUSED_FUNCTION = YES;
				GCC_WARN_UNUSED_VARIABLE = YES;
				IPHONEOS_DEPLOYMENT_TARGET = 13.1;
				MTL_ENABLE_DEBUG_INFO = INCLUDE_SOURCE;
				MTL_FAST_MATH = YES;
				ONLY_ACTIVE_ARCH = YES;
				SDKROOT = iphoneos;
				SWIFT_ACTIVE_COMPILATION_CONDITIONS = DEBUG;
				SWIFT_OPTIMIZATION_LEVEL = "-Onone";
			};
			name = Debug;
		};
		49C2661D238FD00E00FCBB96 /* Release */ = {
			isa = XCBuildConfiguration;
			buildSettings = {
				ALWAYS_SEARCH_USER_PATHS = NO;
				CLANG_ANALYZER_NONNULL = YES;
				CLANG_ANALYZER_NUMBER_OBJECT_CONVERSION = YES_AGGRESSIVE;
				CLANG_CXX_LANGUAGE_STANDARD = "gnu++14";
				CLANG_CXX_LIBRARY = "libc++";
				CLANG_ENABLE_MODULES = YES;
				CLANG_ENABLE_OBJC_ARC = YES;
				CLANG_ENABLE_OBJC_WEAK = YES;
				CLANG_WARN_BLOCK_CAPTURE_AUTORELEASING = YES;
				CLANG_WARN_BOOL_CONVERSION = YES;
				CLANG_WARN_COMMA = YES;
				CLANG_WARN_CONSTANT_CONVERSION = YES;
				CLANG_WARN_DEPRECATED_OBJC_IMPLEMENTATIONS = YES;
				CLANG_WARN_DIRECT_OBJC_ISA_USAGE = YES_ERROR;
				CLANG_WARN_DOCUMENTATION_COMMENTS = YES;
				CLANG_WARN_EMPTY_BODY = YES;
				CLANG_WARN_ENUM_CONVERSION = YES;
				CLANG_WARN_INFINITE_RECURSION = YES;
				CLANG_WARN_INT_CONVERSION = YES;
				CLANG_WARN_NON_LITERAL_NULL_CONVERSION = YES;
				CLANG_WARN_OBJC_IMPLICIT_RETAIN_SELF = YES;
				CLANG_WARN_OBJC_LITERAL_CONVERSION = YES;
				CLANG_WARN_OBJC_ROOT_CLASS = YES_ERROR;
				CLANG_WARN_RANGE_LOOP_ANALYSIS = YES;
				CLANG_WARN_STRICT_PROTOTYPES = YES;
				CLANG_WARN_SUSPICIOUS_MOVE = YES;
				CLANG_WARN_UNGUARDED_AVAILABILITY = YES_AGGRESSIVE;
				CLANG_WARN_UNREACHABLE_CODE = YES;
				CLANG_WARN__DUPLICATE_METHOD_MATCH = YES;
				COPY_PHASE_STRIP = NO;
				DEBUG_INFORMATION_FORMAT = "dwarf-with-dsym";
				ENABLE_NS_ASSERTIONS = NO;
				ENABLE_STRICT_OBJC_MSGSEND = YES;
				GCC_C_LANGUAGE_STANDARD = gnu11;
				GCC_NO_COMMON_BLOCKS = YES;
				GCC_WARN_64_TO_32_BIT_CONVERSION = YES;
				GCC_WARN_ABOUT_RETURN_TYPE = YES_ERROR;
				GCC_WARN_UNDECLARED_SELECTOR = YES;
				GCC_WARN_UNINITIALIZED_AUTOS = YES_AGGRESSIVE;
				GCC_WARN_UNUSED_FUNCTION = YES;
				GCC_WARN_UNUSED_VARIABLE = YES;
				IPHONEOS_DEPLOYMENT_TARGET = 13.1;
				MTL_ENABLE_DEBUG_INFO = NO;
				MTL_FAST_MATH = YES;
				SDKROOT = iphoneos;
				SWIFT_COMPILATION_MODE = wholemodule;
				SWIFT_OPTIMIZATION_LEVEL = "-O";
				VALIDATE_PRODUCT = YES;
			};
			name = Release;
		};
		49C2661F238FD00E00FCBB96 /* Debug */ = {
			isa = XCBuildConfiguration;
			buildSettings = {
				ASSETCATALOG_COMPILER_APPICON_NAME = AppIcon;
				CODE_SIGN_STYLE = Automatic;
				DEVELOPMENT_ASSET_PATHS = "\"貓咪眷養紀錄/Preview Content\"";
				ENABLE_PREVIEWS = YES;
				INFOPLIST_FILE = "貓咪眷養紀錄/Info.plist";
				LD_RUNPATH_SEARCH_PATHS = (
					"$(inherited)",
					"@executable_path/Frameworks",
				);
				PRODUCT_BUNDLE_IDENTIFIER = "com.vv.------";
				PRODUCT_NAME = "貓咪一籮筐";
				SWIFT_VERSION = 5.0;
				TARGETED_DEVICE_FAMILY = "1,2";
			};
			name = Debug;
		};
		49C26620238FD00E00FCBB96 /* Release */ = {
			isa = XCBuildConfiguration;
			buildSettings = {
				ASSETCATALOG_COMPILER_APPICON_NAME = AppIcon;
				CODE_SIGN_STYLE = Automatic;
				DEVELOPMENT_ASSET_PATHS = "\"貓咪眷養紀錄/Preview Content\"";
				ENABLE_PREVIEWS = YES;
				INFOPLIST_FILE = "貓咪眷養紀錄/Info.plist";
				LD_RUNPATH_SEARCH_PATHS = (
					"$(inherited)",
					"@executable_path/Frameworks",
				);
				PRODUCT_BUNDLE_IDENTIFIER = "com.vv.------";
				PRODUCT_NAME = "貓咪一籮筐";
				SWIFT_VERSION = 5.0;
				TARGETED_DEVICE_FAMILY = "1,2";
			};
			name = Release;
		};
/* End XCBuildConfiguration section */

/* Begin XCConfigurationList section */
		49C26605238FD00B00FCBB96 /* Build configuration list for PBXProject "貓咪眷養紀錄" */ = {
			isa = XCConfigurationList;
			buildConfigurations = (
				49C2661C238FD00E00FCBB96 /* Debug */,
				49C2661D238FD00E00FCBB96 /* Release */,
			);
			defaultConfigurationIsVisible = 0;
			defaultConfigurationName = Release;
		};
		49C2661E238FD00E00FCBB96 /* Build configuration list for PBXNativeTarget "貓咪眷養紀錄" */ = {
			isa = XCConfigurationList;
			buildConfigurations = (
				49C2661F238FD00E00FCBB96 /* Debug */,
				49C26620238FD00E00FCBB96 /* Release */,
			);
			defaultConfigurationIsVisible = 0;
			defaultConfigurationName = Release;
		};
/* End XCConfigurationList section */
	};
	rootObject = 49C26602238FD00B00FCBB96 /* Project object */;
}
